
Microsoft Visual Studio Solution File, Format Version 12.00
# Visual Studio 2015
Project("{FAE04EC0-301F-11D3-BF4B-00C04F79EFBC}") = "J.A.N.U.S Prototype.Plugins", "J.A.N.U.S Prototype.Plugins.csproj", "{B697301A-AC58-7DD9-7729-22DE0F3E52BD}"
EndProject
Project("{FAE04EC0-301F-11D3-BF4B-00C04F79EFBC}") = "J.A.N.U.S Prototype", "J.A.N.U.S Prototype.csproj", "{624AF1E4-3D38-8074-7575-BA1EB19AF8E6}"
EndProject
Project("{FAE04EC0-301F-11D3-BF4B-00C04F79EFBC}") = "J.A.N.U.S Prototype.Editor.Plugins", "J.A.N.U.S Prototype.Editor.Plugins.csproj", "{16E17725-2544-F1BD-B487-770525E355B7}"
EndProject
Global
	GlobalSection(SolutionConfigurationPlatforms) = preSolution
		Debug|Any CPU = Debug|Any CPU
		Release|Any CPU = Release|Any CPU
	EndGlobalSection
	GlobalSection(ProjectConfigurationPlatforms) = postSolution
		{B697301A-AC58-7DD9-7729-22DE0F3E52BD}.Debug|Any CPU.ActiveCfg = Debug|Any CPU
		{B697301A-AC58-7DD9-7729-22DE0F3E52BD}.Debug|Any CPU.Build.0 = Debug|Any CPU
		{B697301A-AC58-7DD9-7729-22DE0F3E52BD}.Release|Any CPU.ActiveCfg = Release|Any CPU
		{B697301A-AC58-7DD9-7729-22DE0F3E52BD}.Release|Any CPU.Build.0 = Release|Any CPU
		{624AF1E4-3D38-8074-7575-BA1EB19AF8E6}.Debug|Any CPU.ActiveCfg = Debug|Any CPU
		{624AF1E4-3D38-8074-7575-BA1EB19AF8E6}.Debug|Any CPU.Build.0 = Debug|Any CPU
		{624AF1E4-3D38-8074-7575-BA1EB19AF8E6}.Release|Any CPU.ActiveCfg = Release|Any CPU
		{624AF1E4-3D38-8074-7575-BA1EB19AF8E6}.Release|Any CPU.Build.0 = Release|Any CPU
		{16E17725-2544-F1BD-B487-770525E355B7}.Debug|Any CPU.ActiveCfg = Debug|Any CPU
		{16E17725-2544-F1BD-B487-770525E355B7}.Debug|Any CPU.Build.0 = Debug|Any CPU
		{16E17725-2544-F1BD-B487-770525E355B7}.Release|Any CPU.ActiveCfg = Release|Any CPU
		{16E17725-2544-F1BD-B487-770525E355B7}.Release|Any CPU.Build.0 = Release|Any CPU
	EndGlobalSection
	GlobalSection(SolutionProperties) = preSolution
		HideSolutionNode = FALSE
	EndGlobalSection
EndGlobal
